
Microsoft Visual Studio Solution File, Format Version 12.00
# Visual Studio 15
VisualStudioVersion = 15.0.26228.4
MinimumVisualStudioVersion = 10.0.40219.1
Project("{FAE04EC0-301F-11D3-BF4B-00C04F79EFBC}") = "MakiseSharp", "MakiseSharp\MakiseSharp.csproj", "{A5980282-3C31-4BB8-A9AE-2F06D5E54276}"
EndProject
Project("{9A19103F-16F7-4668-BE54-9A1E7A4F7556}") = "MakiseSharp.Tests", "MakiseSharp.Tests\MakiseSharp.Tests.csproj", "{799667CA-1589-4958-BDB5-D0D110FCA115}"
EndProject
Global
	GlobalSection(SolutionConfigurationPlatforms) = preSolution
		Debug|Any CPU = Debug|Any CPU
		Release|Any CPU = Release|Any CPU
	EndGlobalSection
	GlobalSection(ProjectConfigurationPlatforms) = postSolution
		{A5980282-3C31-4BB8-A9AE-2F06D5E54276}.Debug|Any CPU.ActiveCfg = Debug|Any CPU
		{A5980282-3C31-4BB8-A9AE-2F06D5E54276}.Debug|Any CPU.Build.0 = Debug|Any CPU
		{A5980282-3C31-4BB8-A9AE-2F06D5E54276}.Release|Any CPU.ActiveCfg = Release|Any CPU
		{A5980282-3C31-4BB8-A9AE-2F06D5E54276}.Release|Any CPU.Build.0 = Release|Any CPU
		{799667CA-1589-4958-BDB5-D0D110FCA115}.Debug|Any CPU.ActiveCfg = Debug|Any CPU
		{799667CA-1589-4958-BDB5-D0D110FCA115}.Debug|Any CPU.Build.0 = Debug|Any CPU
		{799667CA-1589-4958-BDB5-D0D110FCA115}.Release|Any CPU.ActiveCfg = Release|Any CPU
		{799667CA-1589-4958-BDB5-D0D110FCA115}.Release|Any CPU.Build.0 = Release|Any CPU
	EndGlobalSection
	GlobalSection(SolutionProperties) = preSolution
		HideSolutionNode = FALSE
	EndGlobalSection
EndGlobal
